{
  "name": "sas-lsp-server",
  "version": "0.0.1",
  "lockfileVersion": 1,
  "requires": true,
  "dependencies": {
    "vscode-jsonrpc": {
      "version": "6.0.0",
      "resolved": "https://artifact.unx.sas.com:443/artifactory/api/npm/re-common-npm-virtual/vscode-jsonrpc/-/vscode-jsonrpc-6.0.0.tgz",
      "integrity": "sha1-EIvbCbRABwUXa5V87KngiA6bbU4="
    },
    "vscode-languageserver": {
      "version": "7.0.0",
      "resolved": "https://artifact.unx.sas.com:443/artifactory/api/npm/re-common-npm-virtual/vscode-languageserver/-/vscode-languageserver-7.0.0.tgz",
      "integrity": "sha1-SbBoyHz8ypOjVpadIPXZvdUBxrA=",
      "requires": {
        "vscode-languageserver-protocol": "3.16.0"
      }
    },
    "vscode-languageserver-protocol": {
      "version": "3.16.0",
      "resolved": "https://artifact.unx.sas.com:443/artifactory/api/npm/re-common-npm-virtual/vscode-languageserver-protocol/-/vscode-languageserver-protocol-3.16.0.tgz",
      "integrity": "sha1-NBNbYakJHblyGIoH0zdAajzb6CE=",
      "requires": {
        "vscode-jsonrpc": "6.0.0",
        "vscode-languageserver-types": "3.16.0"
      }
    },
    "vscode-languageserver-textdocument": {
      "version": "1.0.1",
      "resolved": "https://artifact.unx.sas.com:443/artifactory/api/npm/re-common-npm-virtual/vscode-languageserver-textdocument/-/vscode-languageserver-textdocument-1.0.1.tgz",
      "integrity": "sha1-F4Fo6H761hcbNyrdHeo09T5dMw8="
    },
    "vscode-languageserver-types": {
      "version": "3.16.0",
      "resolved": "https://artifact.unx.sas.com:443/artifactory/api/npm/re-common-npm-virtual/vscode-languageserver-types/-/vscode-languageserver-types-3.16.0.tgz",
      "integrity": "sha1-7POT/BIexpdLLaPvsxVWRMUU4kc="
    }
  }
}
